// !$*UTF8*$!
{
	archiveVersion = 1;
	classes = {
	};
	objectVersion = 56;
	objects = {

/* Begin PBXBuildFile section */
		401A66222B94694100D40FC2 /* SettingsView.swift in Sources */ = {isa = PBXBuildFile; fileRef = 401A66212B94694100D40FC2 /* SettingsView.swift */; };
		C61F81E22C48BE3F00EEBDF5 /* square.mp4 in Resources */ = {isa = PBXBuildFile; fileRef = C61F81E12C48BE3F00EEBDF5 /* square.mp4 */; };
		C626254D2C1CCB81009C2C11 /* ConfettiSwiftUI in Frameworks */ = {isa = PBXBuildFile; productRef = C626254C2C1CCB81009C2C11 /* ConfettiSwiftUI */; };
		C65AF4DE2B967F92008C3FDD /* Haptics.swift in Sources */ = {isa = PBXBuildFile; fileRef = C65AF4DD2B967F92008C3FDD /* Haptics.swift */; };
		C66BEC332C4B0C5600E4502C /* MiniStatView.swift in Sources */ = {isa = PBXBuildFile; fileRef = C66BEC322C4B0C5600E4502C /* MiniStatView.swift */; };
		C66BEC392C4B4EC100E4502C /* Solve.xcdatamodeld in Sources */ = {isa = PBXBuildFile; fileRef = C66BEC372C4B4EC100E4502C /* Solve.xcdatamodeld */; };
		C66BEC3B2C4B4F0500E4502C /* SolveStorageManager.swift in Sources */ = {isa = PBXBuildFile; fileRef = C66BEC3A2C4B4F0500E4502C /* SolveStorageManager.swift */; };
		C66BEC5D2C4B59E400E4502C /* SolveTransformerSetup.swift in Sources */ = {isa = PBXBuildFile; fileRef = C66BEC5C2C4B59E400E4502C /* SolveTransformerSetup.swift */; };
		C66BEC5F2C4B59F900E4502C /* Move.swift in Sources */ = {isa = PBXBuildFile; fileRef = C66BEC5E2C4B59F900E4502C /* Move.swift */; };
		C66BEC622C4B5A3A00E4502C /* Solve+CoreDataClass.swift in Sources */ = {isa = PBXBuildFile; fileRef = C66BEC602C4B5A3A00E4502C /* Solve+CoreDataClass.swift */; };
		C66BEC632C4B5A3A00E4502C /* Solve+CoreDataProperties.swift in Sources */ = {isa = PBXBuildFile; fileRef = C66BEC612C4B5A3A00E4502C /* Solve+CoreDataProperties.swift */; };
		C680A16A2B9399A800E230F4 /* LoopoverApp.swift in Sources */ = {isa = PBXBuildFile; fileRef = C680A1692B9399A800E230F4 /* LoopoverApp.swift */; };
		C680A16C2B9399A800E230F4 /* ContentView.swift in Sources */ = {isa = PBXBuildFile; fileRef = C680A16B2B9399A800E230F4 /* ContentView.swift */; };
		C680A16E2B9399AA00E230F4 /* Assets.xcassets in Resources */ = {isa = PBXBuildFile; fileRef = C680A16D2B9399AA00E230F4 /* Assets.xcassets */; };
		C680A1712B9399AA00E230F4 /* Preview Assets.xcassets in Resources */ = {isa = PBXBuildFile; fileRef = C680A1702B9399AA00E230F4 /* Preview Assets.xcassets */; };
		C680A1782B93A4F800E230F4 /* Board.swift in Sources */ = {isa = PBXBuildFile; fileRef = C680A1772B93A4F800E230F4 /* Board.swift */; };
		C680A17C2B93FE8900E230F4 /* Box.swift in Sources */ = {isa = PBXBuildFile; fileRef = C680A17B2B93FE8900E230F4 /* Box.swift */; };
		C68275402C6DB6BF0060A9E5 /* Localizable.xcstrings in Resources */ = {isa = PBXBuildFile; fileRef = C682753F2C6DB6BF0060A9E5 /* Localizable.xcstrings */; };
		C688F6AD2C407B4E00EE078E /* StatsView.swift in Sources */ = {isa = PBXBuildFile; fileRef = C688F6AC2C407B4E00EE078E /* StatsView.swift */; };
		C688F6AF2C407D7900EE078E /* GameViewModel.swift in Sources */ = {isa = PBXBuildFile; fileRef = C688F6AE2C407D7900EE078E /* GameViewModel.swift */; };
		C688F6B22C40801B00EE078E /* Models.swift in Sources */ = {isa = PBXBuildFile; fileRef = C688F6B12C40801B00EE078E /* Models.swift */; };
		C688F6B82C40919600EE078E /* TopInfoBar.swift in Sources */ = {isa = PBXBuildFile; fileRef = C688F6B72C40919600EE078E /* TopInfoBar.swift */; };
		C688F6BA2C40919D00EE078E /* BottomInfoBar.swift in Sources */ = {isa = PBXBuildFile; fileRef = C688F6B92C40919D00EE078E /* BottomInfoBar.swift */; };
		C688F6BC2C4091A400EE078E /* GameBoardView.swift in Sources */ = {isa = PBXBuildFile; fileRef = C688F6BB2C4091A400EE078E /* GameBoardView.swift */; };
		C688F6BE2C40920200EE078E /* Constants.swift in Sources */ = {isa = PBXBuildFile; fileRef = C688F6BD2C40920200EE078E /* Constants.swift */; };
		C6B122402C40DE7A00B6229A /* CreateModelContainer.swift in Sources */ = {isa = PBXBuildFile; fileRef = C6B1223F2C40DE7A00B6229A /* CreateModelContainer.swift */; };
		C6B122462C41AE9800B6229A /* StatsViewModel.swift in Sources */ = {isa = PBXBuildFile; fileRef = C6B122452C41AE9800B6229A /* StatsViewModel.swift */; };
		C6BEFAE82C18D73400BC1458 /* AboutView.swift in Sources */ = {isa = PBXBuildFile; fileRef = C6BEFAE72C18D73400BC1458 /* AboutView.swift */; };
		C6BEFAEA2C18DB9200BC1458 /* LicensesView.swift in Sources */ = {isa = PBXBuildFile; fileRef = C6BEFAE92C18DB9200BC1458 /* LicensesView.swift */; };
		C6DF78BA2C179C0B0061DCE2 /* LoopoverUITests.swift in Sources */ = {isa = PBXBuildFile; fileRef = C6DF78B92C179C0B0061DCE2 /* LoopoverUITests.swift */; };
		C6DF78C12C179C6D0061DCE2 /* BoardTests.swift in Sources */ = {isa = PBXBuildFile; fileRef = C6DF78C02C179C6D0061DCE2 /* BoardTests.swift */; };
		C6DF78C52C17A45D0061DCE2 /* HowToPlayView.swift in Sources */ = {isa = PBXBuildFile; fileRef = C6DF78C42C17A45D0061DCE2 /* HowToPlayView.swift */; };
		C6E8F6972BFAD0BC005CFC50 /* GameView.swift in Sources */ = {isa = PBXBuildFile; fileRef = C6E8F6962BFAD0BC005CFC50 /* GameView.swift */; };
		C6E8F6992BFAD0E9005CFC50 /* GameSettings.swift in Sources */ = {isa = PBXBuildFile; fileRef = C6E8F6982BFAD0E9005CFC50 /* GameSettings.swift */; };
/* End PBXBuildFile section */

/* Begin PBXContainerItemProxy section */
		C6DF78BB2C179C0B0061DCE2 /* PBXContainerItemProxy */ = {
			isa = PBXContainerItemProxy;
			containerPortal = C680A15E2B9399A800E230F4 /* Project object */;
			proxyType = 1;
			remoteGlobalIDString = C680A1652B9399A800E230F4;
			remoteInfo = Loopover;
		};
/* End PBXContainerItemProxy section */

/* Begin PBXFileReference section */
		401A66212B94694100D40FC2 /* SettingsView.swift */ = {isa = PBXFileReference; lastKnownFileType = sourcecode.swift; path = SettingsView.swift; sourceTree = "<group>"; };
		C61F81E12C48BE3F00EEBDF5 /* square.mp4 */ = {isa = PBXFileReference; lastKnownFileType = file; path = square.mp4; sourceTree = "<group>"; };
		C65AF4DD2B967F92008C3FDD /* Haptics.swift */ = {isa = PBXFileReference; lastKnownFileType = sourcecode.swift; path = Haptics.swift; sourceTree = "<group>"; };
		C66BEC322C4B0C5600E4502C /* MiniStatView.swift */ = {isa = PBXFileReference; lastKnownFileType = sourcecode.swift; path = MiniStatView.swift; sourceTree = "<group>"; };
		C66BEC382C4B4EC100E4502C /* Solve.xcdatamodel */ = {isa = PBXFileReference; lastKnownFileType = wrapper.xcdatamodel; path = Solve.xcdatamodel; sourceTree = "<group>"; };
		C66BEC3A2C4B4F0500E4502C /* SolveStorageManager.swift */ = {isa = PBXFileReference; lastKnownFileType = sourcecode.swift; path = SolveStorageManager.swift; sourceTree = "<group>"; };
		C66BEC5C2C4B59E400E4502C /* SolveTransformerSetup.swift */ = {isa = PBXFileReference; lastKnownFileType = sourcecode.swift; path = SolveTransformerSetup.swift; sourceTree = "<group>"; };
		C66BEC5E2C4B59F900E4502C /* Move.swift */ = {isa = PBXFileReference; lastKnownFileType = sourcecode.swift; path = Move.swift; sourceTree = "<group>"; };
		C66BEC602C4B5A3A00E4502C /* Solve+CoreDataClass.swift */ = {isa = PBXFileReference; lastKnownFileType = sourcecode.swift; path = "Solve+CoreDataClass.swift"; sourceTree = "<group>"; };
		C66BEC612C4B5A3A00E4502C /* Solve+CoreDataProperties.swift */ = {isa = PBXFileReference; lastKnownFileType = sourcecode.swift; path = "Solve+CoreDataProperties.swift"; sourceTree = "<group>"; };
		C680A1662B9399A800E230F4 /* Loopover.app */ = {isa = PBXFileReference; explicitFileType = wrapper.application; includeInIndex = 0; path = Loopover.app; sourceTree = BUILT_PRODUCTS_DIR; };
		C680A1692B9399A800E230F4 /* LoopoverApp.swift */ = {isa = PBXFileReference; lastKnownFileType = sourcecode.swift; path = LoopoverApp.swift; sourceTree = "<group>"; };
		C680A16B2B9399A800E230F4 /* ContentView.swift */ = {isa = PBXFileReference; lastKnownFileType = sourcecode.swift; path = ContentView.swift; sourceTree = "<group>"; };
		C680A16D2B9399AA00E230F4 /* Assets.xcassets */ = {isa = PBXFileReference; lastKnownFileType = folder.assetcatalog; path = Assets.xcassets; sourceTree = "<group>"; };
		C680A1702B9399AA00E230F4 /* Preview Assets.xcassets */ = {isa = PBXFileReference; lastKnownFileType = folder.assetcatalog; path = "Preview Assets.xcassets"; sourceTree = "<group>"; };
		C680A1772B93A4F800E230F4 /* Board.swift */ = {isa = PBXFileReference; lastKnownFileType = sourcecode.swift; path = Board.swift; sourceTree = "<group>"; };
		C680A17B2B93FE8900E230F4 /* Box.swift */ = {isa = PBXFileReference; lastKnownFileType = sourcecode.swift; path = Box.swift; sourceTree = "<group>"; };
		C682753F2C6DB6BF0060A9E5 /* Localizable.xcstrings */ = {isa = PBXFileReference; lastKnownFileType = text.json.xcstrings; path = Localizable.xcstrings; sourceTree = "<group>"; };
		C688F6AC2C407B4E00EE078E /* StatsView.swift */ = {isa = PBXFileReference; lastKnownFileType = sourcecode.swift; path = StatsView.swift; sourceTree = "<group>"; };
		C688F6AE2C407D7900EE078E /* GameViewModel.swift */ = {isa = PBXFileReference; lastKnownFileType = sourcecode.swift; path = GameViewModel.swift; sourceTree = "<group>"; };
		C688F6B12C40801B00EE078E /* Models.swift */ = {isa = PBXFileReference; lastKnownFileType = sourcecode.swift; path = Models.swift; sourceTree = "<group>"; };
		C688F6B72C40919600EE078E /* TopInfoBar.swift */ = {isa = PBXFileReference; lastKnownFileType = sourcecode.swift; path = TopInfoBar.swift; sourceTree = "<group>"; };
		C688F6B92C40919D00EE078E /* BottomInfoBar.swift */ = {isa = PBXFileReference; lastKnownFileType = sourcecode.swift; path = BottomInfoBar.swift; sourceTree = "<group>"; };
		C688F6BB2C4091A400EE078E /* GameBoardView.swift */ = {isa = PBXFileReference; lastKnownFileType = sourcecode.swift; path = GameBoardView.swift; sourceTree = "<group>"; };
		C688F6BD2C40920200EE078E /* Constants.swift */ = {isa = PBXFileReference; lastKnownFileType = sourcecode.swift; path = Constants.swift; sourceTree = "<group>"; };
		C6B1223F2C40DE7A00B6229A /* CreateModelContainer.swift */ = {isa = PBXFileReference; lastKnownFileType = sourcecode.swift; path = CreateModelContainer.swift; sourceTree = "<group>"; };
		C6B122452C41AE9800B6229A /* StatsViewModel.swift */ = {isa = PBXFileReference; lastKnownFileType = sourcecode.swift; path = StatsViewModel.swift; sourceTree = "<group>"; };
		C6BEFAE72C18D73400BC1458 /* AboutView.swift */ = {isa = PBXFileReference; lastKnownFileType = sourcecode.swift; path = AboutView.swift; sourceTree = "<group>"; };
		C6BEFAE92C18DB9200BC1458 /* LicensesView.swift */ = {isa = PBXFileReference; lastKnownFileType = sourcecode.swift; path = LicensesView.swift; sourceTree = "<group>"; };
		C6DF78B72C179C0B0061DCE2 /* LoopoverUITests.xctest */ = {isa = PBXFileReference; explicitFileType = wrapper.cfbundle; includeInIndex = 0; path = LoopoverUITests.xctest; sourceTree = BUILT_PRODUCTS_DIR; };
		C6DF78B92C179C0B0061DCE2 /* LoopoverUITests.swift */ = {isa = PBXFileReference; lastKnownFileType = sourcecode.swift; path = LoopoverUITests.swift; sourceTree = "<group>"; };
		C6DF78C02C179C6D0061DCE2 /* BoardTests.swift */ = {isa = PBXFileReference; lastKnownFileType = sourcecode.swift; path = BoardTests.swift; sourceTree = "<group>"; };
		C6DF78C42C17A45D0061DCE2 /* HowToPlayView.swift */ = {isa = PBXFileReference; lastKnownFileType = sourcecode.swift; path = HowToPlayView.swift; sourceTree = "<group>"; };
		C6DF78C62C17F45B0061DCE2 /* Info.plist */ = {isa = PBXFileReference; lastKnownFileType = text.plist; path = Info.plist; sourceTree = "<group>"; };
		C6E8F6962BFAD0BC005CFC50 /* GameView.swift */ = {isa = PBXFileReference; lastKnownFileType = sourcecode.swift; path = GameView.swift; sourceTree = "<group>"; };
		C6E8F6982BFAD0E9005CFC50 /* GameSettings.swift */ = {isa = PBXFileReference; lastKnownFileType = sourcecode.swift; path = GameSettings.swift; sourceTree = "<group>"; };
/* End PBXFileReference section */

/* Begin PBXFrameworksBuildPhase section */
		C680A1632B9399A800E230F4 /* Frameworks */ = {
			isa = PBXFrameworksBuildPhase;
			buildActionMask = 2147483647;
			files = (
				C626254D2C1CCB81009C2C11 /* ConfettiSwiftUI in Frameworks */,
			);
			runOnlyForDeploymentPostprocessing = 0;
		};
		C6DF78B42C179C0B0061DCE2 /* Frameworks */ = {
			isa = PBXFrameworksBuildPhase;
			buildActionMask = 2147483647;
			files = (
			);
			runOnlyForDeploymentPostprocessing = 0;
		};
/* End PBXFrameworksBuildPhase section */

/* Begin PBXGroup section */
		C626254B2C1CCB81009C2C11 /* Frameworks */ = {
			isa = PBXGroup;
			children = (
			);
			name = Frameworks;
			sourceTree = "<group>";
		};
		C66BEC312C4B0C4700E4502C /* StatsView */ = {
			isa = PBXGroup;
			children = (
				C688F6AC2C407B4E00EE078E /* StatsView.swift */,
				C6B122452C41AE9800B6229A /* StatsViewModel.swift */,
				C66BEC322C4B0C5600E4502C /* MiniStatView.swift */,
			);
			path = StatsView;
			sourceTree = "<group>";
		};
		C66BEC342C4B0CD700E4502C /* SettingsView */ = {
			isa = PBXGroup;
			children = (
				401A66212B94694100D40FC2 /* SettingsView.swift */,
				C6DF78C42C17A45D0061DCE2 /* HowToPlayView.swift */,
				C6BEFAE72C18D73400BC1458 /* AboutView.swift */,
				C6BEFAE92C18DB9200BC1458 /* LicensesView.swift */,
				C61F81E12C48BE3F00EEBDF5 /* square.mp4 */,
			);
			path = SettingsView;
			sourceTree = "<group>";
		};
		C66BEC352C4B0DA000E4502C /* App */ = {
			isa = PBXGroup;
			children = (
				C680A1692B9399A800E230F4 /* LoopoverApp.swift */,
				C680A16B2B9399A800E230F4 /* ContentView.swift */,
				C6B1223F2C40DE7A00B6229A /* CreateModelContainer.swift */,
				C688F6BD2C40920200EE078E /* Constants.swift */,
				C66BEC3A2C4B4F0500E4502C /* SolveStorageManager.swift */,
				C66BEC372C4B4EC100E4502C /* Solve.xcdatamodeld */,
				C682753F2C6DB6BF0060A9E5 /* Localizable.xcstrings */,
			);
			path = App;
			sourceTree = "<group>";
		};
		C680A15D2B9399A800E230F4 = {
			isa = PBXGroup;
			children = (
				C66BEC602C4B5A3A00E4502C /* Solve+CoreDataClass.swift */,
				C66BEC612C4B5A3A00E4502C /* Solve+CoreDataProperties.swift */,
				C680A1682B9399A800E230F4 /* Loopover */,
				C6DF78B82C179C0B0061DCE2 /* LoopoverUITests */,
				C680A1672B9399A800E230F4 /* Products */,
				C626254B2C1CCB81009C2C11 /* Frameworks */,
			);
			sourceTree = "<group>";
		};
		C680A1672B9399A800E230F4 /* Products */ = {
			isa = PBXGroup;
			children = (
				C680A1662B9399A800E230F4 /* Loopover.app */,
				C6DF78B72C179C0B0061DCE2 /* LoopoverUITests.xctest */,
			);
			name = Products;
			sourceTree = "<group>";
		};
		C680A1682B9399A800E230F4 /* Loopover */ = {
			isa = PBXGroup;
			children = (
				C66BEC352C4B0DA000E4502C /* App */,
				C688F6B42C40805E00EE078E /* Views */,
				C688F6B32C40804800EE078E /* Models */,
				C680A16D2B9399AA00E230F4 /* Assets.xcassets */,
				C6DF78C62C17F45B0061DCE2 /* Info.plist */,
				C680A16F2B9399AA00E230F4 /* Preview Content */,
			);
			path = Loopover;
			sourceTree = "<group>";
		};
		C680A16F2B9399AA00E230F4 /* Preview Content */ = {
			isa = PBXGroup;
			children = (
				C680A1702B9399AA00E230F4 /* Preview Assets.xcassets */,
			);
			path = "Preview Content";
			sourceTree = "<group>";
		};
		C688F6B02C407FB700EE078E /* GameView */ = {
			isa = PBXGroup;
			children = (
				C688F6B62C40918C00EE078E /* Components */,
				C6E8F6962BFAD0BC005CFC50 /* GameView.swift */,
				C688F6AE2C407D7900EE078E /* GameViewModel.swift */,
				C65AF4DD2B967F92008C3FDD /* Haptics.swift */,
			);
			path = GameView;
			sourceTree = "<group>";
		};
		C688F6B32C40804800EE078E /* Models */ = {
			isa = PBXGroup;
			children = (
				C680A1772B93A4F800E230F4 /* Board.swift */,
				C6E8F6982BFAD0E9005CFC50 /* GameSettings.swift */,
				C688F6B12C40801B00EE078E /* Models.swift */,
				C66BEC5C2C4B59E400E4502C /* SolveTransformerSetup.swift */,
				C66BEC5E2C4B59F900E4502C /* Move.swift */,
			);
			path = Models;
			sourceTree = "<group>";
		};
		C688F6B42C40805E00EE078E /* Views */ = {
			isa = PBXGroup;
			children = (
				C688F6B02C407FB700EE078E /* GameView */,
				C66BEC312C4B0C4700E4502C /* StatsView */,
				C66BEC342C4B0CD700E4502C /* SettingsView */,
			);
			path = Views;
			sourceTree = "<group>";
		};
		C688F6B62C40918C00EE078E /* Components */ = {
			isa = PBXGroup;
			children = (
				C680A17B2B93FE8900E230F4 /* Box.swift */,
				C688F6B72C40919600EE078E /* TopInfoBar.swift */,
				C688F6B92C40919D00EE078E /* BottomInfoBar.swift */,
				C688F6BB2C4091A400EE078E /* GameBoardView.swift */,
			);
			path = Components;
			sourceTree = "<group>";
		};
		C6DF78B82C179C0B0061DCE2 /* LoopoverUITests */ = {
			isa = PBXGroup;
			children = (
				C6DF78B92C179C0B0061DCE2 /* LoopoverUITests.swift */,
				C6DF78C02C179C6D0061DCE2 /* BoardTests.swift */,
			);
			path = LoopoverUITests;
			sourceTree = "<group>";
		};
/* End PBXGroup section */

/* Begin PBXNativeTarget section */
		C680A1652B9399A800E230F4 /* Loopover */ = {
			isa = PBXNativeTarget;
			buildConfigurationList = C680A1742B9399AA00E230F4 /* Build configuration list for PBXNativeTarget "Loopover" */;
			buildPhases = (
				C680A1622B9399A800E230F4 /* Sources */,
				C680A1632B9399A800E230F4 /* Frameworks */,
				C680A1642B9399A800E230F4 /* Resources */,
			);
			buildRules = (
			);
			dependencies = (
			);
			name = Loopover;
			packageProductDependencies = (
				C626254C2C1CCB81009C2C11 /* ConfettiSwiftUI */,
			);
			productName = Loopover;
			productReference = C680A1662B9399A800E230F4 /* Loopover.app */;
			productType = "com.apple.product-type.application";
		};
		C6DF78B62C179C0B0061DCE2 /* LoopoverUITests */ = {
			isa = PBXNativeTarget;
			buildConfigurationList = C6DF78BD2C179C0B0061DCE2 /* Build configuration list for PBXNativeTarget "LoopoverUITests" */;
			buildPhases = (
				C6DF78B32C179C0B0061DCE2 /* Sources */,
				C6DF78B42C179C0B0061DCE2 /* Frameworks */,
				C6DF78B52C179C0B0061DCE2 /* Resources */,
			);
			buildRules = (
			);
			dependencies = (
				C6DF78BC2C179C0B0061DCE2 /* PBXTargetDependency */,
			);
			name = LoopoverUITests;
			productName = LoopoverUITests;
			productReference = C6DF78B72C179C0B0061DCE2 /* LoopoverUITests.xctest */;
			productType = "com.apple.product-type.bundle.unit-test";
		};
/* End PBXNativeTarget section */

/* Begin PBXProject section */
		C680A15E2B9399A800E230F4 /* Project object */ = {
			isa = PBXProject;
			attributes = {
				BuildIndependentTargetsInParallel = 1;
				LastSwiftUpdateCheck = 1540;
				LastUpgradeCheck = 1520;
				TargetAttributes = {
					C680A1652B9399A800E230F4 = {
						CreatedOnToolsVersion = 15.2;
					};
					C6DF78B62C179C0B0061DCE2 = {
						CreatedOnToolsVersion = 15.4;
						TestTargetID = C680A1652B9399A800E230F4;
					};
				};
			};
			buildConfigurationList = C680A1612B9399A800E230F4 /* Build configuration list for PBXProject "Loopover" */;
			compatibilityVersion = "Xcode 14.0";
			developmentRegion = en;
			hasScannedForEncodings = 0;
			knownRegions = (
				en,
				Base,
				es,
				de,
			);
			mainGroup = C680A15D2B9399A800E230F4;
			packageReferences = (
				C6B2E47C2B945D7F00A1FC8B /* XCRemoteSwiftPackageReference "ConfettiSwiftUI" */,
			);
			productRefGroup = C680A1672B9399A800E230F4 /* Products */;
			projectDirPath = "";
			projectRoot = "";
			targets = (
				C680A1652B9399A800E230F4 /* Loopover */,
				C6DF78B62C179C0B0061DCE2 /* LoopoverUITests */,
			);
		};
/* End PBXProject section */

/* Begin PBXResourcesBuildPhase section */
		C680A1642B9399A800E230F4 /* Resources */ = {
			isa = PBXResourcesBuildPhase;
			buildActionMask = 2147483647;
			files = (
				C61F81E22C48BE3F00EEBDF5 /* square.mp4 in Resources */,
				C680A1712B9399AA00E230F4 /* Preview Assets.xcassets in Resources */,
				C68275402C6DB6BF0060A9E5 /* Localizable.xcstrings in Resources */,
				C680A16E2B9399AA00E230F4 /* Assets.xcassets in Resources */,
			);
			runOnlyForDeploymentPostprocessing = 0;
		};
		C6DF78B52C179C0B0061DCE2 /* Resources */ = {
			isa = PBXResourcesBuildPhase;
			buildActionMask = 2147483647;
			files = (
			);
			runOnlyForDeploymentPostprocessing = 0;
		};
/* End PBXResourcesBuildPhase section */

/* Begin PBXSourcesBuildPhase section */
		C680A1622B9399A800E230F4 /* Sources */ = {
			isa = PBXSourcesBuildPhase;
			buildActionMask = 2147483647;
			files = (
				C65AF4DE2B967F92008C3FDD /* Haptics.swift in Sources */,
				C688F6BE2C40920200EE078E /* Constants.swift in Sources */,
				C680A16C2B9399A800E230F4 /* ContentView.swift in Sources */,
				C6BEFAE82C18D73400BC1458 /* AboutView.swift in Sources */,
				C6E8F6992BFAD0E9005CFC50 /* GameSettings.swift in Sources */,
				C688F6BC2C4091A400EE078E /* GameBoardView.swift in Sources */,
				401A66222B94694100D40FC2 /* SettingsView.swift in Sources */,
				C66BEC392C4B4EC100E4502C /* Solve.xcdatamodeld in Sources */,
				C66BEC5F2C4B59F900E4502C /* Move.swift in Sources */,
				C688F6AF2C407D7900EE078E /* GameViewModel.swift in Sources */,
				C6BEFAEA2C18DB9200BC1458 /* LicensesView.swift in Sources */,
				C680A16A2B9399A800E230F4 /* LoopoverApp.swift in Sources */,
				C688F6B22C40801B00EE078E /* Models.swift in Sources */,
				C6B122402C40DE7A00B6229A /* CreateModelContainer.swift in Sources */,
				C66BEC622C4B5A3A00E4502C /* Solve+CoreDataClass.swift in Sources */,
				C66BEC632C4B5A3A00E4502C /* Solve+CoreDataProperties.swift in Sources */,
				C680A1782B93A4F800E230F4 /* Board.swift in Sources */,
				C688F6AD2C407B4E00EE078E /* StatsView.swift in Sources */,
				C66BEC3B2C4B4F0500E4502C /* SolveStorageManager.swift in Sources */,
				C66BEC332C4B0C5600E4502C /* MiniStatView.swift in Sources */,
				C66BEC5D2C4B59E400E4502C /* SolveTransformerSetup.swift in Sources */,
				C6E8F6972BFAD0BC005CFC50 /* GameView.swift in Sources */,
				C6B122462C41AE9800B6229A /* StatsViewModel.swift in Sources */,
				C6DF78C52C17A45D0061DCE2 /* HowToPlayView.swift in Sources */,
				C680A17C2B93FE8900E230F4 /* Box.swift in Sources */,
				C688F6BA2C40919D00EE078E /* BottomInfoBar.swift in Sources */,
				C688F6B82C40919600EE078E /* TopInfoBar.swift in Sources */,
			);
			runOnlyForDeploymentPostprocessing = 0;
		};
		C6DF78B32C179C0B0061DCE2 /* Sources */ = {
			isa = PBXSourcesBuildPhase;
			buildActionMask = 2147483647;
			files = (
				C6DF78C12C179C6D0061DCE2 /* BoardTests.swift in Sources */,
				C6DF78BA2C179C0B0061DCE2 /* LoopoverUITests.swift in Sources */,
			);
			runOnlyForDeploymentPostprocessing = 0;
		};
/* End PBXSourcesBuildPhase section */

/* Begin PBXTargetDependency section */
		C6DF78BC2C179C0B0061DCE2 /* PBXTargetDependency */ = {
			isa = PBXTargetDependency;
			target = C680A1652B9399A800E230F4 /* Loopover */;
			targetProxy = C6DF78BB2C179C0B0061DCE2 /* PBXContainerItemProxy */;
		};
/* End PBXTargetDependency section */

/* Begin XCBuildConfiguration section */
		C680A1722B9399AA00E230F4 /* Debug */ = {
			isa = XCBuildConfiguration;
			buildSettings = {
				ALWAYS_SEARCH_USER_PATHS = NO;
				ASSETCATALOG_COMPILER_GENERATE_SWIFT_ASSET_SYMBOL_EXTENSIONS = YES;
				CLANG_ANALYZER_NONNULL = YES;
				CLANG_ANALYZER_NUMBER_OBJECT_CONVERSION = YES_AGGRESSIVE;
				CLANG_CXX_LANGUAGE_STANDARD = "gnu++20";
				CLANG_ENABLE_MODULES = YES;
				CLANG_ENABLE_OBJC_ARC = YES;
				CLANG_ENABLE_OBJC_WEAK = YES;
				CLANG_WARN_BLOCK_CAPTURE_AUTORELEASING = YES;
				CLANG_WARN_BOOL_CONVERSION = YES;
				CLANG_WARN_COMMA = YES;
				CLANG_WARN_CONSTANT_CONVERSION = YES;
				CLANG_WARN_DEPRECATED_OBJC_IMPLEMENTATIONS = YES;
				CLANG_WARN_DIRECT_OBJC_ISA_USAGE = YES_ERROR;
				CLANG_WARN_DOCUMENTATION_COMMENTS = YES;
				CLANG_WARN_EMPTY_BODY = YES;
				CLANG_WARN_ENUM_CONVERSION = YES;
				CLANG_WARN_INFINITE_RECURSION = YES;
				CLANG_WARN_INT_CONVERSION = YES;
				CLANG_WARN_NON_LITERAL_NULL_CONVERSION = YES;
				CLANG_WARN_OBJC_IMPLICIT_RETAIN_SELF = YES;
				CLANG_WARN_OBJC_LITERAL_CONVERSION = YES;
				CLANG_WARN_OBJC_ROOT_CLASS = YES_ERROR;
				CLANG_WARN_QUOTED_INCLUDE_IN_FRAMEWORK_HEADER = YES;
				CLANG_WARN_RANGE_LOOP_ANALYSIS = YES;
				CLANG_WARN_STRICT_PROTOTYPES = YES;
				CLANG_WARN_SUSPICIOUS_MOVE = YES;
				CLANG_WARN_UNGUARDED_AVAILABILITY = YES_AGGRESSIVE;
				CLANG_WARN_UNREACHABLE_CODE = YES;
				CLANG_WARN__DUPLICATE_METHOD_MATCH = YES;
				COPY_PHASE_STRIP = NO;
				DEBUG_INFORMATION_FORMAT = dwarf;
				ENABLE_STRICT_OBJC_MSGSEND = YES;
				ENABLE_TESTABILITY = YES;
				ENABLE_USER_SCRIPT_SANDBOXING = YES;
				GCC_C_LANGUAGE_STANDARD = gnu17;
				GCC_DYNAMIC_NO_PIC = NO;
				GCC_NO_COMMON_BLOCKS = YES;
				GCC_OPTIMIZATION_LEVEL = 0;
				GCC_PREPROCESSOR_DEFINITIONS = (
					"DEBUG=1",
					"$(inherited)",
				);
				GCC_WARN_64_TO_32_BIT_CONVERSION = YES;
				GCC_WARN_ABOUT_RETURN_TYPE = YES_ERROR;
				GCC_WARN_UNDECLARED_SELECTOR = YES;
				GCC_WARN_UNINITIALIZED_AUTOS = YES_AGGRESSIVE;
				GCC_WARN_UNUSED_FUNCTION = YES;
				GCC_WARN_UNUSED_VARIABLE = YES;
				IPHONEOS_DEPLOYMENT_TARGET = 17.2;
				LOCALIZATION_PREFERS_STRING_CATALOGS = YES;
				MTL_ENABLE_DEBUG_INFO = INCLUDE_SOURCE;
				MTL_FAST_MATH = YES;
				ONLY_ACTIVE_ARCH = YES;
				SDKROOT = iphoneos;
				SWIFT_ACTIVE_COMPILATION_CONDITIONS = "DEBUG $(inherited)";
				SWIFT_EMIT_LOC_STRINGS = YES;
				SWIFT_OPTIMIZATION_LEVEL = "-Onone";
			};
			name = Debug;
		};
		C680A1732B9399AA00E230F4 /* Release */ = {
			isa = XCBuildConfiguration;
			buildSettings = {
				ALWAYS_SEARCH_USER_PATHS = NO;
				ASSETCATALOG_COMPILER_GENERATE_SWIFT_ASSET_SYMBOL_EXTENSIONS = YES;
				CLANG_ANALYZER_NONNULL = YES;
				CLANG_ANALYZER_NUMBER_OBJECT_CONVERSION = YES_AGGRESSIVE;
				CLANG_CXX_LANGUAGE_STANDARD = "gnu++20";
				CLANG_ENABLE_MODULES = YES;
				CLANG_ENABLE_OBJC_ARC = YES;
				CLANG_ENABLE_OBJC_WEAK = YES;
				CLANG_WARN_BLOCK_CAPTURE_AUTORELEASING = YES;
				CLANG_WARN_BOOL_CONVERSION = YES;
				CLANG_WARN_COMMA = YES;
				CLANG_WARN_CONSTANT_CONVERSION = YES;
				CLANG_WARN_DEPRECATED_OBJC_IMPLEMENTATIONS = YES;
				CLANG_WARN_DIRECT_OBJC_ISA_USAGE = YES_ERROR;
				CLANG_WARN_DOCUMENTATION_COMMENTS = YES;
				CLANG_WARN_EMPTY_BODY = YES;
				CLANG_WARN_ENUM_CONVERSION = YES;
				CLANG_WARN_INFINITE_RECURSION = YES;
				CLANG_WARN_INT_CONVERSION = YES;
				CLANG_WARN_NON_LITERAL_NULL_CONVERSION = YES;
				CLANG_WARN_OBJC_IMPLICIT_RETAIN_SELF = YES;
				CLANG_WARN_OBJC_LITERAL_CONVERSION = YES;
				CLANG_WARN_OBJC_ROOT_CLASS = YES_ERROR;
				CLANG_WARN_QUOTED_INCLUDE_IN_FRAMEWORK_HEADER = YES;
				CLANG_WARN_RANGE_LOOP_ANALYSIS = YES;
				CLANG_WARN_STRICT_PROTOTYPES = YES;
				CLANG_WARN_SUSPICIOUS_MOVE = YES;
				CLANG_WARN_UNGUARDED_AVAILABILITY = YES_AGGRESSIVE;
				CLANG_WARN_UNREACHABLE_CODE = YES;
				CLANG_WARN__DUPLICATE_METHOD_MATCH = YES;
				COPY_PHASE_STRIP = NO;
				DEBUG_INFORMATION_FORMAT = "dwarf-with-dsym";
				ENABLE_NS_ASSERTIONS = NO;
				ENABLE_STRICT_OBJC_MSGSEND = YES;
				ENABLE_USER_SCRIPT_SANDBOXING = YES;
				GCC_C_LANGUAGE_STANDARD = gnu17;
				GCC_NO_COMMON_BLOCKS = YES;
				GCC_WARN_64_TO_32_BIT_CONVERSION = YES;
				GCC_WARN_ABOUT_RETURN_TYPE = YES_ERROR;
				GCC_WARN_UNDECLARED_SELECTOR = YES;
				GCC_WARN_UNINITIALIZED_AUTOS = YES_AGGRESSIVE;
				GCC_WARN_UNUSED_FUNCTION = YES;
				GCC_WARN_UNUSED_VARIABLE = YES;
				IPHONEOS_DEPLOYMENT_TARGET = 17.2;
				LOCALIZATION_PREFERS_STRING_CATALOGS = YES;
				MTL_ENABLE_DEBUG_INFO = NO;
				MTL_FAST_MATH = YES;
				SDKROOT = iphoneos;
				SWIFT_COMPILATION_MODE = wholemodule;
				SWIFT_EMIT_LOC_STRINGS = YES;
				VALIDATE_PRODUCT = YES;
			};
			name = Release;
		};
		C680A1752B9399AA00E230F4 /* Debug */ = {
			isa = XCBuildConfiguration;
			buildSettings = {
				ASSETCATALOG_COMPILER_APPICON_NAME = AppIcon;
				ASSETCATALOG_COMPILER_GLOBAL_ACCENT_COLOR_NAME = AccentColor;
				CODE_SIGN_STYLE = Automatic;
				CURRENT_PROJECT_VERSION = 4;
				DEVELOPMENT_ASSET_PATHS = "\"Loopover/Preview Content\"";
				DEVELOPMENT_TEAM = 2XM9FQAP3J;
				ENABLE_PREVIEWS = YES;
				GENERATE_INFOPLIST_FILE = YES;
				INFOPLIST_FILE = Loopover/Info.plist;
				INFOPLIST_KEY_CFBundleDisplayName = Loopover;
				INFOPLIST_KEY_LSApplicationCategoryType = "public.app-category.games";
				INFOPLIST_KEY_UIApplicationSceneManifest_Generation = YES;
				INFOPLIST_KEY_UIApplicationSupportsIndirectInputEvents = YES;
				INFOPLIST_KEY_UISupportedInterfaceOrientations = UIInterfaceOrientationPortrait;
				INFOPLIST_KEY_UISupportedInterfaceOrientations_iPad = "UIInterfaceOrientationLandscapeLeft UIInterfaceOrientationLandscapeRight UIInterfaceOrientationPortrait";
				IPHONEOS_DEPLOYMENT_TARGET = 17.0;
				LD_RUNPATH_SEARCH_PATHS = (
					"$(inherited)",
					"@executable_path/Frameworks",
				);
				MARKETING_VERSION = 1.3;
				PRODUCT_BUNDLE_IDENTIFIER = me.enzottic.LoopoverApp;
				PRODUCT_NAME = "$(TARGET_NAME)";
				SUPPORTED_PLATFORMS = "iphoneos iphonesimulator";
				SUPPORTS_MACCATALYST = NO;
				SUPPORTS_MAC_DESIGNED_FOR_IPHONE_IPAD = NO;
				SUPPORTS_XR_DESIGNED_FOR_IPHONE_IPAD = NO;
				SWIFT_EMIT_LOC_STRINGS = YES;
				SWIFT_VERSION = 5.0;
				TARGETED_DEVICE_FAMILY = 1;
			};
			name = Debug;
		};
		C680A1762B9399AA00E230F4 /* Release */ = {
			isa = XCBuildConfiguration;
			buildSettings = {
				ASSETCATALOG_COMPILER_APPICON_NAME = AppIcon;
				ASSETCATALOG_COMPILER_GLOBAL_ACCENT_COLOR_NAME = AccentColor;
				CODE_SIGN_IDENTITY = "Apple Development";
				CODE_SIGN_STYLE = Automatic;
				CURRENT_PROJECT_VERSION = 4;
				DEVELOPMENT_ASSET_PATHS = "\"Loopover/Preview Content\"";
				DEVELOPMENT_TEAM = 2XM9FQAP3J;
				ENABLE_PREVIEWS = YES;
				GENERATE_INFOPLIST_FILE = YES;
				INFOPLIST_FILE = Loopover/Info.plist;
				INFOPLIST_KEY_CFBundleDisplayName = Loopover;
				INFOPLIST_KEY_LSApplicationCategoryType = "public.app-category.games";
				INFOPLIST_KEY_UIApplicationSceneManifest_Generation = YES;
				INFOPLIST_KEY_UIApplicationSupportsIndirectInputEvents = YES;
				INFOPLIST_KEY_UISupportedInterfaceOrientations = UIInterfaceOrientationPortrait;
				INFOPLIST_KEY_UISupportedInterfaceOrientations_iPad = "UIInterfaceOrientationLandscapeLeft UIInterfaceOrientationLandscapeRight UIInterfaceOrientationPortrait";
				IPHONEOS_DEPLOYMENT_TARGET = 17.0;
				LD_RUNPATH_SEARCH_PATHS = (
					"$(inherited)",
					"@executable_path/Frameworks",
				);
				MARKETING_VERSION = 1.3;
				PRODUCT_BUNDLE_IDENTIFIER = me.enzottic.LoopoverApp;
				PRODUCT_NAME = "$(TARGET_NAME)";
				PROVISIONING_PROFILE_SPECIFIER = "";
				SUPPORTED_PLATFORMS = "iphoneos iphonesimulator";
				SUPPORTS_MACCATALYST = NO;
				SUPPORTS_MAC_DESIGNED_FOR_IPHONE_IPAD = NO;
				SUPPORTS_XR_DESIGNED_FOR_IPHONE_IPAD = NO;
				SWIFT_EMIT_LOC_STRINGS = YES;
				SWIFT_VERSION = 5.0;
				TARGETED_DEVICE_FAMILY = 1;
			};
			name = Release;
		};
		C6DF78BE2C179C0B0061DCE2 /* Debug */ = {
			isa = XCBuildConfiguration;
			buildSettings = {
				BUNDLE_LOADER = "$(TEST_HOST)";
				CODE_SIGN_STYLE = Automatic;
				CURRENT_PROJECT_VERSION = 1;
				DEVELOPMENT_TEAM = 2XM9FQAP3J;
				GENERATE_INFOPLIST_FILE = YES;
				IPHONEOS_DEPLOYMENT_TARGET = 17.5;
				MARKETING_VERSION = 1.0;
				PRODUCT_BUNDLE_IDENTIFIER = me.enzottic.LoopoverUITests;
				PRODUCT_NAME = "$(TARGET_NAME)";
				SWIFT_EMIT_LOC_STRINGS = NO;
				SWIFT_VERSION = 5.0;
				TARGETED_DEVICE_FAMILY = "1,2";
				TEST_HOST = "$(BUILT_PRODUCTS_DIR)/Loopover.app/$(BUNDLE_EXECUTABLE_FOLDER_PATH)/Loopover";
			};
			name = Debug;
		};
		C6DF78BF2C179C0B0061DCE2 /* Release */ = {
			isa = XCBuildConfiguration;
			buildSettings = {
				BUNDLE_LOADER = "$(TEST_HOST)";
				CODE_SIGN_STYLE = Automatic;
				CURRENT_PROJECT_VERSION = 1;
				DEVELOPMENT_TEAM = 2XM9FQAP3J;
				GENERATE_INFOPLIST_FILE = YES;
				IPHONEOS_DEPLOYMENT_TARGET = 17.5;
				MARKETING_VERSION = 1.0;
				PRODUCT_BUNDLE_IDENTIFIER = me.enzottic.LoopoverUITests;
				PRODUCT_NAME = "$(TARGET_NAME)";
				SWIFT_EMIT_LOC_STRINGS = NO;
				SWIFT_VERSION = 5.0;
				TARGETED_DEVICE_FAMILY = "1,2";
				TEST_HOST = "$(BUILT_PRODUCTS_DIR)/Loopover.app/$(BUNDLE_EXECUTABLE_FOLDER_PATH)/Loopover";
			};
			name = Release;
		};
/* End XCBuildConfiguration section */

/* Begin XCConfigurationList section */
		C680A1612B9399A800E230F4 /* Build configuration list for PBXProject "Loopover" */ = {
			isa = XCConfigurationList;
			buildConfigurations = (
				C680A1722B9399AA00E230F4 /* Debug */,
				C680A1732B9399AA00E230F4 /* Release */,
			);
			defaultConfigurationIsVisible = 0;
			defaultConfigurationName = Release;
		};
		C680A1742B9399AA00E230F4 /* Build configuration list for PBXNativeTarget "Loopover" */ = {
			isa = XCConfigurationList;
			buildConfigurations = (
				C680A1752B9399AA00E230F4 /* Debug */,
				C680A1762B9399AA00E230F4 /* Release */,
			);
			defaultConfigurationIsVisible = 0;
			defaultConfigurationName = Release;
		};
		C6DF78BD2C179C0B0061DCE2 /* Build configuration list for PBXNativeTarget "LoopoverUITests" */ = {
			isa = XCConfigurationList;
			buildConfigurations = (
				C6DF78BE2C179C0B0061DCE2 /* Debug */,
				C6DF78BF2C179C0B0061DCE2 /* Release */,
			);
			defaultConfigurationIsVisible = 0;
			defaultConfigurationName = Release;
		};
/* End XCConfigurationList section */

/* Begin XCRemoteSwiftPackageReference section */
		C6B2E47C2B945D7F00A1FC8B /* XCRemoteSwiftPackageReference "ConfettiSwiftUI" */ = {
			isa = XCRemoteSwiftPackageReference;
			repositoryURL = "https://github.com/simibac/ConfettiSwiftUI";
			requirement = {
				kind = upToNextMajorVersion;
				minimumVersion = 1.1.0;
			};
		};
/* End XCRemoteSwiftPackageReference section */

/* Begin XCSwiftPackageProductDependency section */
		C626254C2C1CCB81009C2C11 /* ConfettiSwiftUI */ = {
			isa = XCSwiftPackageProductDependency;
			package = C6B2E47C2B945D7F00A1FC8B /* XCRemoteSwiftPackageReference "ConfettiSwiftUI" */;
			productName = ConfettiSwiftUI;
		};
/* End XCSwiftPackageProductDependency section */

/* Begin XCVersionGroup section */
		C66BEC372C4B4EC100E4502C /* Solve.xcdatamodeld */ = {
			isa = XCVersionGroup;
			children = (
				C66BEC382C4B4EC100E4502C /* Solve.xcdatamodel */,
			);
			currentVersion = C66BEC382C4B4EC100E4502C /* Solve.xcdatamodel */;
			path = Solve.xcdatamodeld;
			sourceTree = "<group>";
			versionGroupType = wrapper.xcdatamodel;
		};
/* End XCVersionGroup section */
	};
	rootObject = C680A15E2B9399A800E230F4 /* Project object */;
}
